// !$*UTF8*$!
{
	archiveVersion = 1;
	classes = {
	};
	objectVersion = 46;
	objects = {

/* Begin PBXBuildFile section */
		157A37BA2108D1F7001DA6FC /* Util.cpp in Sources */ = {isa = PBXBuildFile; fileRef = 157A376E2108D1F7001DA6FC /* Util.cpp */; };
		157A37BB2108D1F7001DA6FC /* Util.cpp in Sources */ = {isa = PBXBuildFile; fileRef = 157A376E2108D1F7001DA6FC /* Util.cpp */; };
		157A37BC2108D1F7001DA6FC /* CCCoreLocation.cpp in Sources */ = {isa = PBXBuildFile; fileRef = 157A37722108D1F7001DA6FC /* CCCoreLocation.cpp */; };
		157A37BD2108D1F7001DA6FC /* CCCoreLocation.cpp in Sources */ = {isa = PBXBuildFile; fileRef = 157A37722108D1F7001DA6FC /* CCCoreLocation.cpp */; };
		157A37BE2108D1F7001DA6FC /* DataStoreSingleton.cpp in Sources */ = {isa = PBXBuildFile; fileRef = 157A37752108D1F7001DA6FC /* DataStoreSingleton.cpp */; };
		157A37BF2108D1F7001DA6FC /* DataStoreSingleton.cpp in Sources */ = {isa = PBXBuildFile; fileRef = 157A37752108D1F7001DA6FC /* DataStoreSingleton.cpp */; };
		157A37C02108D1F7001DA6FC /* LocationItem.cpp in Sources */ = {isa = PBXBuildFile; fileRef = 157A377B2108D1F7001DA6FC /* LocationItem.cpp */; };
		157A37C12108D1F7001DA6FC /* LocationItem.cpp in Sources */ = {isa = PBXBuildFile; fileRef = 157A377B2108D1F7001DA6FC /* LocationItem.cpp */; };
		157A37C22108D1F7001DA6FC /* Pinch.cpp in Sources */ = {isa = PBXBuildFile; fileRef = 157A377D2108D1F7001DA6FC /* Pinch.cpp */; };
		157A37C32108D1F7001DA6FC /* Pinch.cpp in Sources */ = {isa = PBXBuildFile; fileRef = 157A377D2108D1F7001DA6FC /* Pinch.cpp */; };
		157A37C42108D1F7001DA6FC /* RoundedBoxSprite.cpp in Sources */ = {isa = PBXBuildFile; fileRef = 157A37822108D1F7001DA6FC /* RoundedBoxSprite.cpp */; };
		157A37C52108D1F7001DA6FC /* RoundedBoxSprite.cpp in Sources */ = {isa = PBXBuildFile; fileRef = 157A37822108D1F7001DA6FC /* RoundedBoxSprite.cpp */; };
		157A37C62108D1F7001DA6FC /* SpriteBlur.cpp in Sources */ = {isa = PBXBuildFile; fileRef = 157A37842108D1F7001DA6FC /* SpriteBlur.cpp */; };
		157A37C72108D1F7001DA6FC /* SpriteBlur.cpp in Sources */ = {isa = PBXBuildFile; fileRef = 157A37842108D1F7001DA6FC /* SpriteBlur.cpp */; };
		157A37C82108D1F7001DA6FC /* CCLayerPanZoom.cpp in Sources */ = {isa = PBXBuildFile; fileRef = 157A37872108D1F7001DA6FC /* CCLayerPanZoom.cpp */; };
		157A37C92108D1F7001DA6FC /* CCLayerPanZoom.cpp in Sources */ = {isa = PBXBuildFile; fileRef = 157A37872108D1F7001DA6FC /* CCLayerPanZoom.cpp */; };
		157A37CA2108D1F7001DA6FC /* CCActivityIndicator.cpp in Sources */ = {isa = PBXBuildFile; fileRef = 157A37882108D1F7001DA6FC /* CCActivityIndicator.cpp */; };
		157A37CB2108D1F7001DA6FC /* CCActivityIndicator.cpp in Sources */ = {isa = PBXBuildFile; fileRef = 157A37882108D1F7001DA6FC /* CCActivityIndicator.cpp */; };
		157A37CC2108D1F7001DA6FC /* Header.cpp in Sources */ = {isa = PBXBuildFile; fileRef = 157A378F2108D1F7001DA6FC /* Header.cpp */; };
		157A37CD2108D1F7001DA6FC /* Header.cpp in Sources */ = {isa = PBXBuildFile; fileRef = 157A378F2108D1F7001DA6FC /* Header.cpp */; };
		157A37CE2108D1F7001DA6FC /* Footer.cpp in Sources */ = {isa = PBXBuildFile; fileRef = 157A37912108D1F7001DA6FC /* Footer.cpp */; };
		157A37CF2108D1F7001DA6FC /* Footer.cpp in Sources */ = {isa = PBXBuildFile; fileRef = 157A37912108D1F7001DA6FC /* Footer.cpp */; };
		157A37D02108D1F7001DA6FC /* Display.cpp in Sources */ = {isa = PBXBuildFile; fileRef = 157A37922108D1F7001DA6FC /* Display.cpp */; };
		157A37D12108D1F7001DA6FC /* Display.cpp in Sources */ = {isa = PBXBuildFile; fileRef = 157A37922108D1F7001DA6FC /* Display.cpp */; };
		157A37D22108D1F7001DA6FC /* SortPickerVidewController.m in Sources */ = {isa = PBXBuildFile; fileRef = 157A37932108D1F7001DA6FC /* SortPickerVidewController.m */; };
		157A37D32108D1F7001DA6FC /* SortPickerVidewController.m in Sources */ = {isa = PBXBuildFile; fileRef = 157A37932108D1F7001DA6FC /* SortPickerVidewController.m */; };
		157A37D42108D1F7001DA6FC /* Chart.cpp in Sources */ = {isa = PBXBuildFile; fileRef = 157A37952108D1F7001DA6FC /* Chart.cpp */; };
		157A37D52108D1F7001DA6FC /* Chart.cpp in Sources */ = {isa = PBXBuildFile; fileRef = 157A37952108D1F7001DA6FC /* Chart.cpp */; };
		157A37D62108D1F7001DA6FC /* Contents.cpp in Sources */ = {isa = PBXBuildFile; fileRef = 157A37982108D1F7001DA6FC /* Contents.cpp */; };
		157A37D72108D1F7001DA6FC /* Contents.cpp in Sources */ = {isa = PBXBuildFile; fileRef = 157A37982108D1F7001DA6FC /* Contents.cpp */; };
		157A37D82108D1F7001DA6FC /* Board.cpp in Sources */ = {isa = PBXBuildFile; fileRef = 157A379A2108D1F7001DA6FC /* Board.cpp */; };
		157A37D92108D1F7001DA6FC /* Board.cpp in Sources */ = {isa = PBXBuildFile; fileRef = 157A379A2108D1F7001DA6FC /* Board.cpp */; };
		157A37DA2108D1F7001DA6FC /* About.cpp in Sources */ = {isa = PBXBuildFile; fileRef = 157A379E2108D1F7001DA6FC /* About.cpp */; };
		157A37DB2108D1F7001DA6FC /* About.cpp in Sources */ = {isa = PBXBuildFile; fileRef = 157A379E2108D1F7001DA6FC /* About.cpp */; };
		157A37DC2108D1F7001DA6FC /* Topic.cpp in Sources */ = {isa = PBXBuildFile; fileRef = 157A379F2108D1F7001DA6FC /* Topic.cpp */; };
		157A37DD2108D1F7001DA6FC /* Topic.cpp in Sources */ = {isa = PBXBuildFile; fileRef = 157A379F2108D1F7001DA6FC /* Topic.cpp */; };
		157A37DE2108D1F7001DA6FC /* Analytics.cpp in Sources */ = {isa = PBXBuildFile; fileRef = 157A37A12108D1F7001DA6FC /* Analytics.cpp */; };
		157A37DF2108D1F7001DA6FC /* Analytics.cpp in Sources */ = {isa = PBXBuildFile; fileRef = 157A37A12108D1F7001DA6FC /* Analytics.cpp */; };
		157A37E02108D1F7001DA6FC /* Map.cpp in Sources */ = {isa = PBXBuildFile; fileRef = 157A37A22108D1F7001DA6FC /* Map.cpp */; };
		157A37E12108D1F7001DA6FC /* Map.cpp in Sources */ = {isa = PBXBuildFile; fileRef = 157A37A22108D1F7001DA6FC /* Map.cpp */; };
		157A37E22108D1F7001DA6FC /* Sensors.cpp in Sources */ = {isa = PBXBuildFile; fileRef = 157A37A52108D1F7001DA6FC /* Sensors.cpp */; };
		157A37E32108D1F7001DA6FC /* Sensors.cpp in Sources */ = {isa = PBXBuildFile; fileRef = 157A37A52108D1F7001DA6FC /* Sensors.cpp */; };
		157A37E42108D1F7001DA6FC /* Dialog.cpp in Sources */ = {isa = PBXBuildFile; fileRef = 157A37A92108D1F7001DA6FC /* Dialog.cpp */; };
		157A37E52108D1F7001DA6FC /* Dialog.cpp in Sources */ = {isa = PBXBuildFile; fileRef = 157A37A92108D1F7001DA6FC /* Dialog.cpp */; };
		157A37E62108D1F7001DA6FC /* Sort.cpp in Sources */ = {isa = PBXBuildFile; fileRef = 157A37AB2108D1F7001DA6FC /* Sort.cpp */; };
		157A37E72108D1F7001DA6FC /* Sort.cpp in Sources */ = {isa = PBXBuildFile; fileRef = 157A37AB2108D1F7001DA6FC /* Sort.cpp */; };
		157A37E82108D1F7001DA6FC /* Search.cpp in Sources */ = {isa = PBXBuildFile; fileRef = 157A37AD2108D1F7001DA6FC /* Search.cpp */; };
		157A37E92108D1F7001DA6FC /* Search.cpp in Sources */ = {isa = PBXBuildFile; fileRef = 157A37AD2108D1F7001DA6FC /* Search.cpp */; };
		157A37EA2108D1F7001DA6FC /* Indicator.cpp in Sources */ = {isa = PBXBuildFile; fileRef = 157A37AF2108D1F7001DA6FC /* Indicator.cpp */; };
		157A37EB2108D1F7001DA6FC /* Indicator.cpp in Sources */ = {isa = PBXBuildFile; fileRef = 157A37AF2108D1F7001DA6FC /* Indicator.cpp */; };
		157A37EC2108D1F7001DA6FC /* AbstructModal.cpp in Sources */ = {isa = PBXBuildFile; fileRef = 157A37B12108D1F7001DA6FC /* AbstructModal.cpp */; };
		157A37ED2108D1F7001DA6FC /* AbstructModal.cpp in Sources */ = {isa = PBXBuildFile; fileRef = 157A37B12108D1F7001DA6FC /* AbstructModal.cpp */; };
		157A37EE2108D1F7001DA6FC /* Main.cpp in Sources */ = {isa = PBXBuildFile; fileRef = 157A37B32108D1F7001DA6FC /* Main.cpp */; };
		157A37EF2108D1F7001DA6FC /* Main.cpp in Sources */ = {isa = PBXBuildFile; fileRef = 157A37B32108D1F7001DA6FC /* Main.cpp */; };
		157A37F02108D1F7001DA6FC /* AbstructScene.cpp in Sources */ = {isa = PBXBuildFile; fileRef = 157A37B52108D1F7001DA6FC /* AbstructScene.cpp */; };
		157A37F12108D1F7001DA6FC /* AbstructScene.cpp in Sources */ = {isa = PBXBuildFile; fileRef = 157A37B52108D1F7001DA6FC /* AbstructScene.cpp */; };
		157A37F22108D1F7001DA6FC /* CustomUIScrollView.cpp in Sources */ = {isa = PBXBuildFile; fileRef = 157A37B92108D1F7001DA6FC /* CustomUIScrollView.cpp */; };
		157A37F32108D1F7001DA6FC /* CustomUIScrollView.cpp in Sources */ = {isa = PBXBuildFile; fileRef = 157A37B92108D1F7001DA6FC /* CustomUIScrollView.cpp */; };
		1A88B2641FC3D9C9005C14AE /* Images.xcassets in Resources */ = {isa = PBXBuildFile; fileRef = 1A88B2631FC3D9C9005C14AE /* Images.xcassets */; };
		1AC6FB21180E996B004C840B /* libcocos2d Mac.a in Frameworks */ = {isa = PBXBuildFile; fileRef = 1AC6FAF9180E9839004C840B /* libcocos2d Mac.a */; };
		1AC6FB30180E99EB004C840B /* libcocos2d iOS.a in Frameworks */ = {isa = PBXBuildFile; fileRef = 1AC6FB07180E9839004C840B /* libcocos2d iOS.a */; };
		1AF87B781F6F77F7007BE51C /* AppController.mm in Sources */ = {isa = PBXBuildFile; fileRef = 1AF87B481F6F77D6007BE51C /* AppController.mm */; };
		1AF87B881F6F781D007BE51C /* LaunchScreen.storyboard in Resources */ = {isa = PBXBuildFile; fileRef = 1AF87B591F6F77D6007BE51C /* LaunchScreen.storyboard */; };
		1AF87B891F6F781D007BE51C /* LaunchScreenBackground.png in Resources */ = {isa = PBXBuildFile; fileRef = 1AF87B5A1F6F77D6007BE51C /* LaunchScreenBackground.png */; };
		1AF87B8A1F6F7822007BE51C /* main.m in Sources */ = {isa = PBXBuildFile; fileRef = 1AF87B5B1F6F77D6007BE51C /* main.m */; };
		1AF87B8B1F6F782A007BE51C /* RootViewController.mm in Sources */ = {isa = PBXBuildFile; fileRef = 1AF87B5E1F6F77D6007BE51C /* RootViewController.mm */; };
		1D60589F0D05DD5A006BFB54 /* Foundation.framework in Frameworks */ = {isa = PBXBuildFile; fileRef = 1D30AB110D05D00D00671497 /* Foundation.framework */; };
		1DF5F4E00D08C38300B7A737 /* UIKit.framework in Frameworks */ = {isa = PBXBuildFile; fileRef = 1DF5F4DF0D08C38300B7A737 /* UIKit.framework */; };
		288765A50DF7441C002DB57D /* CoreGraphics.framework in Frameworks */ = {isa = PBXBuildFile; fileRef = 288765A40DF7441C002DB57D /* CoreGraphics.framework */; };
		294D0D641D0D56D500F7F5D4 /* CoreText.framework in Frameworks */ = {isa = PBXBuildFile; fileRef = 294D0D631D0D56D500F7F5D4 /* CoreText.framework */; };
		3EACC98F19EE6D4300EB3C5E /* res in Resources */ = {isa = PBXBuildFile; fileRef = 3EACC98E19EE6D4300EB3C5E /* res */; };
		3EACC99019EE6D4300EB3C5E /* res in Resources */ = {isa = PBXBuildFile; fileRef = 3EACC98E19EE6D4300EB3C5E /* res */; };
		46880B7B19C43A67006E1F66 /* CloseNormal.png in Resources */ = {isa = PBXBuildFile; fileRef = 46880B7619C43A67006E1F66 /* CloseNormal.png */; };
		46880B7C19C43A67006E1F66 /* CloseNormal.png in Resources */ = {isa = PBXBuildFile; fileRef = 46880B7619C43A67006E1F66 /* CloseNormal.png */; };
		46880B7D19C43A67006E1F66 /* CloseSelected.png in Resources */ = {isa = PBXBuildFile; fileRef = 46880B7719C43A67006E1F66 /* CloseSelected.png */; };
		46880B7E19C43A67006E1F66 /* CloseSelected.png in Resources */ = {isa = PBXBuildFile; fileRef = 46880B7719C43A67006E1F66 /* CloseSelected.png */; };
		46880B8119C43A67006E1F66 /* HelloWorld.png in Resources */ = {isa = PBXBuildFile; fileRef = 46880B7A19C43A67006E1F66 /* HelloWorld.png */; };
		46880B8219C43A67006E1F66 /* HelloWorld.png in Resources */ = {isa = PBXBuildFile; fileRef = 46880B7A19C43A67006E1F66 /* HelloWorld.png */; };
		46880B8819C43A87006E1F66 /* AppDelegate.cpp in Sources */ = {isa = PBXBuildFile; fileRef = 46880B8419C43A87006E1F66 /* AppDelegate.cpp */; };
		46880B8919C43A87006E1F66 /* AppDelegate.cpp in Sources */ = {isa = PBXBuildFile; fileRef = 46880B8419C43A87006E1F66 /* AppDelegate.cpp */; };
		46880B8A19C43A87006E1F66 /* HelloWorldScene.cpp in Sources */ = {isa = PBXBuildFile; fileRef = 46880B8619C43A87006E1F66 /* HelloWorldScene.cpp */; };
		46880B8B19C43A87006E1F66 /* HelloWorldScene.cpp in Sources */ = {isa = PBXBuildFile; fileRef = 46880B8619C43A87006E1F66 /* HelloWorldScene.cpp */; };
		503AE0F817EB97AB00D1A890 /* Icon.icns in Resources */ = {isa = PBXBuildFile; fileRef = 503AE0F617EB97AB00D1A890 /* Icon.icns */; };
		503AE10517EB98FF00D1A890 /* main.cpp in Sources */ = {isa = PBXBuildFile; fileRef = 503AE10317EB98FF00D1A890 /* main.cpp */; };
		503AE11B17EB9C5A00D1A890 /* IOKit.framework in Frameworks */ = {isa = PBXBuildFile; fileRef = 503AE11A17EB9C5A00D1A890 /* IOKit.framework */; };
		5087E76317EB910900C73F5D /* Foundation.framework in Frameworks */ = {isa = PBXBuildFile; fileRef = 1D30AB110D05D00D00671497 /* Foundation.framework */; };
		5087E76717EB910900C73F5D /* libz.dylib in Frameworks */ = {isa = PBXBuildFile; fileRef = BF170DB412928DE900B8313A /* libz.dylib */; };
		5087E76817EB910900C73F5D /* QuartzCore.framework in Frameworks */ = {isa = PBXBuildFile; fileRef = BF1C47EA1293683800B63C5D /* QuartzCore.framework */; };
		5087E76917EB910900C73F5D /* OpenAL.framework in Frameworks */ = {isa = PBXBuildFile; fileRef = D44C620B132DFF330009C878 /* OpenAL.framework */; };
		5087E76A17EB910900C73F5D /* AVFoundation.framework in Frameworks */ = {isa = PBXBuildFile; fileRef = D44C620D132DFF430009C878 /* AVFoundation.framework */; };
		5087E76B17EB910900C73F5D /* AudioToolbox.framework in Frameworks */ = {isa = PBXBuildFile; fileRef = D44C620F132DFF4E0009C878 /* AudioToolbox.framework */; };
		5087E78917EB974C00C73F5D /* AppKit.framework in Frameworks */ = {isa = PBXBuildFile; fileRef = 5087E78817EB974C00C73F5D /* AppKit.framework */; };
		5087E78B17EB975400C73F5D /* OpenGL.framework in Frameworks */ = {isa = PBXBuildFile; fileRef = 5087E78A17EB975400C73F5D /* OpenGL.framework */; };
		521A8EA919F11F5000D177D7 /* fonts in Resources */ = {isa = PBXBuildFile; fileRef = 521A8EA819F11F5000D177D7 /* fonts */; };
		521A8EAA19F11F5000D177D7 /* fonts in Resources */ = {isa = PBXBuildFile; fileRef = 521A8EA819F11F5000D177D7 /* fonts */; };
		52B47A471A53D09C004E4C60 /* Security.framework in Frameworks */ = {isa = PBXBuildFile; fileRef = 52B47A461A53D09B004E4C60 /* Security.framework */; };
		8262943E1AAF051F00CB7CF7 /* Security.framework in Frameworks */ = {isa = PBXBuildFile; fileRef = 8262943D1AAF051F00CB7CF7 /* Security.framework */; };
		BF171245129291EC00B8313A /* OpenGLES.framework in Frameworks */ = {isa = PBXBuildFile; fileRef = BF170DB012928DE900B8313A /* OpenGLES.framework */; };
		BF1712471292920000B8313A /* libz.dylib in Frameworks */ = {isa = PBXBuildFile; fileRef = BF170DB412928DE900B8313A /* libz.dylib */; };
		BF1C47F01293687400B63C5D /* QuartzCore.framework in Frameworks */ = {isa = PBXBuildFile; fileRef = BF1C47EA1293683800B63C5D /* QuartzCore.framework */; };
		D44C620C132DFF330009C878 /* OpenAL.framework in Frameworks */ = {isa = PBXBuildFile; fileRef = D44C620B132DFF330009C878 /* OpenAL.framework */; };
		D44C620E132DFF430009C878 /* AVFoundation.framework in Frameworks */ = {isa = PBXBuildFile; fileRef = D44C620D132DFF430009C878 /* AVFoundation.framework */; };
		D44C6210132DFF4E0009C878 /* AudioToolbox.framework in Frameworks */ = {isa = PBXBuildFile; fileRef = D44C620F132DFF4E0009C878 /* AudioToolbox.framework */; };
		D6B0611B1803AB670077942B /* CoreMotion.framework in Frameworks */ = {isa = PBXBuildFile; fileRef = D6B0611A1803AB670077942B /* CoreMotion.framework */; };
		ED545A7C1B68A1F400C3958E /* libiconv.dylib in Frameworks */ = {isa = PBXBuildFile; fileRef = ED545A7B1B68A1F400C3958E /* libiconv.dylib */; };
		ED545A7E1B68A1FA00C3958E /* libiconv.dylib in Frameworks */ = {isa = PBXBuildFile; fileRef = ED545A7D1B68A1FA00C3958E /* libiconv.dylib */; };
/* End PBXBuildFile section */

/* Begin PBXContainerItemProxy section */
		1A7533E21F6F75F6007E8E6F /* PBXContainerItemProxy */ = {
			isa = PBXContainerItemProxy;
			containerPortal = 1AC6FAE5180E9839004C840B /* cocos2d_libs.xcodeproj */;
			proxyType = 2;
			remoteGlobalIDString = 507B40FD1C31BDD30067B53E;
			remoteInfo = "libcocos2d tvOS";
		};
		1AC6FAF8180E9839004C840B /* PBXContainerItemProxy */ = {
			isa = PBXContainerItemProxy;
			containerPortal = 1AC6FAE5180E9839004C840B /* cocos2d_libs.xcodeproj */;
			proxyType = 2;
			remoteGlobalIDString = 1551A33F158F2AB200E66CFE;
			remoteInfo = "cocos2dx Mac";
		};
		1AC6FB06180E9839004C840B /* PBXContainerItemProxy */ = {
			isa = PBXContainerItemProxy;
			containerPortal = 1AC6FAE5180E9839004C840B /* cocos2d_libs.xcodeproj */;
			proxyType = 2;
			remoteGlobalIDString = A07A4D641783777C0073F6A7;
			remoteInfo = "cocos2dx iOS";
		};
		1AC6FB15180E9959004C840B /* PBXContainerItemProxy */ = {
			isa = PBXContainerItemProxy;
			containerPortal = 1AC6FAE5180E9839004C840B /* cocos2d_libs.xcodeproj */;
			proxyType = 1;
			remoteGlobalIDString = 1551A33E158F2AB200E66CFE;
			remoteInfo = "cocos2dx Mac";
		};
		1AC6FB24180E99E1004C840B /* PBXContainerItemProxy */ = {
			isa = PBXContainerItemProxy;
			containerPortal = 1AC6FAE5180E9839004C840B /* cocos2d_libs.xcodeproj */;
			proxyType = 1;
			remoteGlobalIDString = A07A4C241783777C0073F6A7;
			remoteInfo = "cocos2dx iOS";
		};
/* End PBXContainerItemProxy section */

/* Begin PBXFileReference section */
		157A376E2108D1F7001DA6FC /* Util.cpp */ = {isa = PBXFileReference; fileEncoding = 4; lastKnownFileType = sourcecode.cpp.cpp; path = Util.cpp; sourceTree = "<group>"; };
		157A37702108D1F7001DA6FC /* GoogleMapsManager.h */ = {isa = PBXFileReference; fileEncoding = 4; lastKnownFileType = sourcecode.c.h; path = GoogleMapsManager.h; sourceTree = "<group>"; };
		157A37712108D1F7001DA6FC /* Util.h */ = {isa = PBXFileReference; fileEncoding = 4; lastKnownFileType = sourcecode.c.h; path = Util.h; sourceTree = "<group>"; };
		157A37722108D1F7001DA6FC /* CCCoreLocation.cpp */ = {isa = PBXFileReference; fileEncoding = 4; lastKnownFileType = sourcecode.cpp.cpp; path = CCCoreLocation.cpp; sourceTree = "<group>"; };
		157A37732108D1F7001DA6FC /* CCCoreLocation.h */ = {isa = PBXFileReference; fileEncoding = 4; lastKnownFileType = sourcecode.c.h; path = CCCoreLocation.h; sourceTree = "<group>"; };
		157A37752108D1F7001DA6FC /* DataStoreSingleton.cpp */ = {isa = PBXFileReference; fileEncoding = 4; lastKnownFileType = sourcecode.cpp.cpp; path = DataStoreSingleton.cpp; sourceTree = "<group>"; };
		157A37762108D1F7001DA6FC /* DataStoreSingleton.hpp */ = {isa = PBXFileReference; fileEncoding = 4; lastKnownFileType = sourcecode.cpp.h; path = DataStoreSingleton.hpp; sourceTree = "<group>"; };
		157A37782108D1F7001DA6FC /* ChartItem.hpp */ = {isa = PBXFileReference; fileEncoding = 4; lastKnownFileType = sourcecode.cpp.h; path = ChartItem.hpp; sourceTree = "<group>"; };
		157A37792108D1F7001DA6FC /* LocationItem.hpp */ = {isa = PBXFileReference; fileEncoding = 4; lastKnownFileType = sourcecode.cpp.h; path = LocationItem.hpp; sourceTree = "<group>"; };
		157A377A2108D1F7001DA6FC /* WeatherItem.hpp */ = {isa = PBXFileReference; fileEncoding = 4; lastKnownFileType = sourcecode.cpp.h; path = WeatherItem.hpp; sourceTree = "<group>"; };
		157A377B2108D1F7001DA6FC /* LocationItem.cpp */ = {isa = PBXFileReference; fileEncoding = 4; lastKnownFileType = sourcecode.cpp.cpp; path = LocationItem.cpp; sourceTree = "<group>"; };
		157A377D2108D1F7001DA6FC /* Pinch.cpp */ = {isa = PBXFileReference; fileEncoding = 4; lastKnownFileType = sourcecode.cpp.cpp; path = Pinch.cpp; sourceTree = "<group>"; };
		157A377E2108D1F7001DA6FC /* Pinch.hpp */ = {isa = PBXFileReference; fileEncoding = 4; lastKnownFileType = sourcecode.cpp.h; path = Pinch.hpp; sourceTree = "<group>"; };
		157A37802108D1F7001DA6FC /* CCLayerPanZoom.h */ = {isa = PBXFileReference; fileEncoding = 4; lastKnownFileType = sourcecode.c.h; path = CCLayerPanZoom.h; sourceTree = "<group>"; };
		157A37812108D1F7001DA6FC /* CCActivityIndicator.h */ = {isa = PBXFileReference; fileEncoding = 4; lastKnownFileType = sourcecode.c.h; path = CCActivityIndicator.h; sourceTree = "<group>"; };
		157A37822108D1F7001DA6FC /* RoundedBoxSprite.cpp */ = {isa = PBXFileReference; fileEncoding = 4; lastKnownFileType = sourcecode.cpp.cpp; path = RoundedBoxSprite.cpp; sourceTree = "<group>"; };
		157A37832108D1F7001DA6FC /* RoundedBoxSprite.h */ = {isa = PBXFileReference; fileEncoding = 4; lastKnownFileType = sourcecode.c.h; path = RoundedBoxSprite.h; sourceTree = "<group>"; };
		157A37842108D1F7001DA6FC /* SpriteBlur.cpp */ = {isa = PBXFileReference; fileEncoding = 4; lastKnownFileType = sourcecode.cpp.cpp; path = SpriteBlur.cpp; sourceTree = "<group>"; };
		157A37852108D1F7001DA6FC /* SpriteBlur.h */ = {isa = PBXFileReference; fileEncoding = 4; lastKnownFileType = sourcecode.c.h; path = SpriteBlur.h; sourceTree = "<group>"; };
		157A37862108D1F7001DA6FC /* picojson.h */ = {isa = PBXFileReference; fileEncoding = 4; lastKnownFileType = sourcecode.c.h; path = picojson.h; sourceTree = "<group>"; };
		157A37872108D1F7001DA6FC /* CCLayerPanZoom.cpp */ = {isa = PBXFileReference; fileEncoding = 4; lastKnownFileType = sourcecode.cpp.cpp; path = CCLayerPanZoom.cpp; sourceTree = "<group>"; };
		157A37882108D1F7001DA6FC /* CCActivityIndicator.cpp */ = {isa = PBXFileReference; fileEncoding = 4; lastKnownFileType = sourcecode.cpp.cpp; path = CCActivityIndicator.cpp; sourceTree = "<group>"; };
		157A37892108D1F7001DA6FC /* Util.hpp */ = {isa = PBXFileReference; fileEncoding = 4; lastKnownFileType = sourcecode.cpp.h; path = Util.hpp; sourceTree = "<group>"; };
		157A378B2108D1F7001DA6FC /* Main.hpp */ = {isa = PBXFileReference; fileEncoding = 4; lastKnownFileType = sourcecode.cpp.h; path = Main.hpp; sourceTree = "<group>"; };
		157A378E2108D1F7001DA6FC /* Contents.hpp */ = {isa = PBXFileReference; fileEncoding = 4; lastKnownFileType = sourcecode.cpp.h; path = Contents.hpp; sourceTree = "<group>"; };
		157A378F2108D1F7001DA6FC /* Header.cpp */ = {isa = PBXFileReference; fileEncoding = 4; lastKnownFileType = sourcecode.cpp.cpp; path = Header.cpp; sourceTree = "<group>"; };
		157A37902108D1F7001DA6FC /* Chart.hpp */ = {isa = PBXFileReference; fileEncoding = 4; lastKnownFileType = sourcecode.cpp.h; path = Chart.hpp; sourceTree = "<group>"; };
		157A37912108D1F7001DA6FC /* Footer.cpp */ = {isa = PBXFileReference; fileEncoding = 4; lastKnownFileType = sourcecode.cpp.cpp; path = Footer.cpp; sourceTree = "<group>"; };
		157A37922108D1F7001DA6FC /* Display.cpp */ = {isa = PBXFileReference; fileEncoding = 4; lastKnownFileType = sourcecode.cpp.cpp; path = Display.cpp; sourceTree = "<group>"; };
		157A37932108D1F7001DA6FC /* SortPickerVidewController.m */ = {isa = PBXFileReference; fileEncoding = 4; lastKnownFileType = sourcecode.c.objc; path = SortPickerVidewController.m; sourceTree = "<group>"; };
		157A37942108D1F7001DA6FC /* Header.hpp */ = {isa = PBXFileReference; fileEncoding = 4; lastKnownFileType = sourcecode.cpp.h; path = Header.hpp; sourceTree = "<group>"; };
		157A37952108D1F7001DA6FC /* Chart.cpp */ = {isa = PBXFileReference; fileEncoding = 4; lastKnownFileType = sourcecode.cpp.cpp; path = Chart.cpp; sourceTree = "<group>"; };
		157A37962108D1F7001DA6FC /* Footer.hpp */ = {isa = PBXFileReference; fileEncoding = 4; lastKnownFileType = sourcecode.cpp.h; path = Footer.hpp; sourceTree = "<group>"; };
		157A37972108D1F7001DA6FC /* Display.hpp */ = {isa = PBXFileReference; fileEncoding = 4; lastKnownFileType = sourcecode.cpp.h; path = Display.hpp; sourceTree = "<group>"; };
		157A37982108D1F7001DA6FC /* Contents.cpp */ = {isa = PBXFileReference; fileEncoding = 4; lastKnownFileType = sourcecode.cpp.cpp; path = Contents.cpp; sourceTree = "<group>"; };
		157A379A2108D1F7001DA6FC /* Board.cpp */ = {isa = PBXFileReference; fileEncoding = 4; lastKnownFileType = sourcecode.cpp.cpp; path = Board.cpp; sourceTree = "<group>"; };
		157A379B2108D1F7001DA6FC /* Board.hpp */ = {isa = PBXFileReference; fileEncoding = 4; lastKnownFileType = sourcecode.cpp.h; path = Board.hpp; sourceTree = "<group>"; };
		157A379D2108D1F7001DA6FC /* Sensors.hpp */ = {isa = PBXFileReference; fileEncoding = 4; lastKnownFileType = sourcecode.cpp.h; path = Sensors.hpp; sourceTree = "<group>"; };
		157A379E2108D1F7001DA6FC /* About.cpp */ = {isa = PBXFileReference; fileEncoding = 4; lastKnownFileType = sourcecode.cpp.cpp; path = About.cpp; sourceTree = "<group>"; };
		157A379F2108D1F7001DA6FC /* Topic.cpp */ = {isa = PBXFileReference; fileEncoding = 4; lastKnownFileType = sourcecode.cpp.cpp; path = Topic.cpp; sourceTree = "<group>"; };
		157A37A02108D1F7001DA6FC /* Map.hpp */ = {isa = PBXFileReference; fileEncoding = 4; lastKnownFileType = sourcecode.cpp.h; path = Map.hpp; sourceTree = "<group>"; };
		157A37A12108D1F7001DA6FC /* Analytics.cpp */ = {isa = PBXFileReference; fileEncoding = 4; lastKnownFileType = sourcecode.cpp.cpp; path = Analytics.cpp; sourceTree = "<group>"; };
		157A37A22108D1F7001DA6FC /* Map.cpp */ = {isa = PBXFileReference; fileEncoding = 4; lastKnownFileType = sourcecode.cpp.cpp; path = Map.cpp; sourceTree = "<group>"; };
		157A37A32108D1F7001DA6FC /* Analytics.hpp */ = {isa = PBXFileReference; fileEncoding = 4; lastKnownFileType = sourcecode.cpp.h; path = Analytics.hpp; sourceTree = "<group>"; };
		157A37A42108D1F7001DA6FC /* About.hpp */ = {isa = PBXFileReference; fileEncoding = 4; lastKnownFileType = sourcecode.cpp.h; path = About.hpp; sourceTree = "<group>"; };
		157A37A52108D1F7001DA6FC /* Sensors.cpp */ = {isa = PBXFileReference; fileEncoding = 4; lastKnownFileType = sourcecode.cpp.cpp; path = Sensors.cpp; sourceTree = "<group>"; };
		157A37A62108D1F7001DA6FC /* Topic.hpp */ = {isa = PBXFileReference; fileEncoding = 4; lastKnownFileType = sourcecode.cpp.h; path = Topic.hpp; sourceTree = "<group>"; };
		157A37A82108D1F7001DA6FC /* Indicator.hpp */ = {isa = PBXFileReference; fileEncoding = 4; lastKnownFileType = sourcecode.cpp.h; path = Indicator.hpp; sourceTree = "<group>"; };
		157A37A92108D1F7001DA6FC /* Dialog.cpp */ = {isa = PBXFileReference; fileEncoding = 4; lastKnownFileType = sourcecode.cpp.cpp; path = Dialog.cpp; sourceTree = "<group>"; };
		157A37AA2108D1F7001DA6FC /* Search.hpp */ = {isa = PBXFileReference; fileEncoding = 4; lastKnownFileType = sourcecode.cpp.h; path = Search.hpp; sourceTree = "<group>"; };
		157A37AB2108D1F7001DA6FC /* Sort.cpp */ = {isa = PBXFileReference; fileEncoding = 4; lastKnownFileType = sourcecode.cpp.cpp; path = Sort.cpp; sourceTree = "<group>"; };
		157A37AC2108D1F7001DA6FC /* Dialog.hpp */ = {isa = PBXFileReference; fileEncoding = 4; lastKnownFileType = sourcecode.cpp.h; path = Dialog.hpp; sourceTree = "<group>"; };
		157A37AD2108D1F7001DA6FC /* Search.cpp */ = {isa = PBXFileReference; fileEncoding = 4; lastKnownFileType = sourcecode.cpp.cpp; path = Search.cpp; sourceTree = "<group>"; };
		157A37AE2108D1F7001DA6FC /* Sort.hpp */ = {isa = PBXFileReference; fileEncoding = 4; lastKnownFileType = sourcecode.cpp.h; path = Sort.hpp; sourceTree = "<group>"; };
		157A37AF2108D1F7001DA6FC /* Indicator.cpp */ = {isa = PBXFileReference; fileEncoding = 4; lastKnownFileType = sourcecode.cpp.cpp; path = Indicator.cpp; sourceTree = "<group>"; };
		157A37B12108D1F7001DA6FC /* AbstructModal.cpp */ = {isa = PBXFileReference; fileEncoding = 4; lastKnownFileType = sourcecode.cpp.cpp; path = AbstructModal.cpp; sourceTree = "<group>"; };
		157A37B22108D1F7001DA6FC /* AbstructModal.hpp */ = {isa = PBXFileReference; fileEncoding = 4; lastKnownFileType = sourcecode.cpp.h; path = AbstructModal.hpp; sourceTree = "<group>"; };
		157A37B32108D1F7001DA6FC /* Main.cpp */ = {isa = PBXFileReference; fileEncoding = 4; lastKnownFileType = sourcecode.cpp.cpp; path = Main.cpp; sourceTree = "<group>"; };
		157A37B52108D1F7001DA6FC /* AbstructScene.cpp */ = {isa = PBXFileReference; fileEncoding = 4; lastKnownFileType = sourcecode.cpp.cpp; path = AbstructScene.cpp; sourceTree = "<group>"; };
		157A37B62108D1F7001DA6FC /* AbstructScene.hpp */ = {isa = PBXFileReference; fileEncoding = 4; lastKnownFileType = sourcecode.cpp.h; path = AbstructScene.hpp; sourceTree = "<group>"; };
		157A37B82108D1F7001DA6FC /* CustomUIScrollView.h */ = {isa = PBXFileReference; fileEncoding = 4; lastKnownFileType = sourcecode.c.h; path = CustomUIScrollView.h; sourceTree = "<group>"; };
		157A37B92108D1F7001DA6FC /* CustomUIScrollView.cpp */ = {isa = PBXFileReference; fileEncoding = 4; lastKnownFileType = sourcecode.cpp.cpp; path = CustomUIScrollView.cpp; sourceTree = "<group>"; };
		1A88B2631FC3D9C9005C14AE /* Images.xcassets */ = {isa = PBXFileReference; lastKnownFileType = folder.assetcatalog; path = Images.xcassets; sourceTree = "<group>"; };
		1AC6FAE5180E9839004C840B /* cocos2d_libs.xcodeproj */ = {isa = PBXFileReference; lastKnownFileType = "wrapper.pb-project"; name = cocos2d_libs.xcodeproj; path = ../cocos2d/build/cocos2d_libs.xcodeproj; sourceTree = "<group>"; };
		1ACB3243164770DE00914215 /* libcurl.a */ = {isa = PBXFileReference; lastKnownFileType = archive.ar; name = libcurl.a; path = ../../cocos2dx/platform/third_party/ios/libraries/libcurl.a; sourceTree = "<group>"; };
		1AF87B471F6F77D6007BE51C /* AppController.h */ = {isa = PBXFileReference; lastKnownFileType = sourcecode.c.h; path = AppController.h; sourceTree = "<group>"; };
		1AF87B481F6F77D6007BE51C /* AppController.mm */ = {isa = PBXFileReference; lastKnownFileType = sourcecode.cpp.objcpp; path = AppController.mm; sourceTree = "<group>"; };
		1AF87B581F6F77D6007BE51C /* Info.plist */ = {isa = PBXFileReference; lastKnownFileType = text.plist.xml; path = Info.plist; sourceTree = "<group>"; };
		1AF87B591F6F77D6007BE51C /* LaunchScreen.storyboard */ = {isa = PBXFileReference; lastKnownFileType = file.storyboard; path = LaunchScreen.storyboard; sourceTree = "<group>"; };
		1AF87B5A1F6F77D6007BE51C /* LaunchScreenBackground.png */ = {isa = PBXFileReference; lastKnownFileType = image.png; path = LaunchScreenBackground.png; sourceTree = "<group>"; };
		1AF87B5B1F6F77D6007BE51C /* main.m */ = {isa = PBXFileReference; lastKnownFileType = sourcecode.c.objc; path = main.m; sourceTree = "<group>"; };
		1AF87B5C1F6F77D6007BE51C /* Prefix.pch */ = {isa = PBXFileReference; lastKnownFileType = sourcecode.c.h; path = Prefix.pch; sourceTree = "<group>"; };
		1AF87B5D1F6F77D6007BE51C /* RootViewController.h */ = {isa = PBXFileReference; lastKnownFileType = sourcecode.c.h; path = RootViewController.h; sourceTree = "<group>"; };
		1AF87B5E1F6F77D6007BE51C /* RootViewController.mm */ = {isa = PBXFileReference; lastKnownFileType = sourcecode.cpp.objcpp; path = RootViewController.mm; sourceTree = "<group>"; };
		1D30AB110D05D00D00671497 /* Foundation.framework */ = {isa = PBXFileReference; lastKnownFileType = wrapper.framework; name = Foundation.framework; path = System/Library/Frameworks/Foundation.framework; sourceTree = SDKROOT; };
		1D6058910D05DD3D006BFB54 /* Pointcast-Mobile-App-mobile.app */ = {isa = PBXFileReference; explicitFileType = wrapper.application; includeInIndex = 0; path = "Pointcast-Mobile-App-mobile.app"; sourceTree = BUILT_PRODUCTS_DIR; };
		1DF5F4DF0D08C38300B7A737 /* UIKit.framework */ = {isa = PBXFileReference; lastKnownFileType = wrapper.framework; name = UIKit.framework; path = System/Library/Frameworks/UIKit.framework; sourceTree = SDKROOT; };
		288765A40DF7441C002DB57D /* CoreGraphics.framework */ = {isa = PBXFileReference; lastKnownFileType = wrapper.framework; name = CoreGraphics.framework; path = System/Library/Frameworks/CoreGraphics.framework; sourceTree = SDKROOT; };
		294D0D631D0D56D500F7F5D4 /* CoreText.framework */ = {isa = PBXFileReference; lastKnownFileType = wrapper.framework; name = CoreText.framework; path = Platforms/iPhoneOS.platform/Developer/SDKs/iPhoneOS.sdk/System/Library/Frameworks/CoreText.framework; sourceTree = DEVELOPER_DIR; };
		3EACC98E19EE6D4300EB3C5E /* res */ = {isa = PBXFileReference; lastKnownFileType = folder; path = res; sourceTree = "<group>"; };
		46880B7619C43A67006E1F66 /* CloseNormal.png */ = {isa = PBXFileReference; lastKnownFileType = image.png; path = CloseNormal.png; sourceTree = "<group>"; };
		46880B7719C43A67006E1F66 /* CloseSelected.png */ = {isa = PBXFileReference; lastKnownFileType = image.png; path = CloseSelected.png; sourceTree = "<group>"; };
		46880B7A19C43A67006E1F66 /* HelloWorld.png */ = {isa = PBXFileReference; lastKnownFileType = image.png; path = HelloWorld.png; sourceTree = "<group>"; };
		46880B8419C43A87006E1F66 /* AppDelegate.cpp */ = {isa = PBXFileReference; fileEncoding = 4; lastKnownFileType = sourcecode.cpp.cpp; path = AppDelegate.cpp; sourceTree = "<group>"; };
		46880B8519C43A87006E1F66 /* AppDelegate.h */ = {isa = PBXFileReference; fileEncoding = 4; lastKnownFileType = sourcecode.c.h; path = AppDelegate.h; sourceTree = "<group>"; };
		46880B8619C43A87006E1F66 /* HelloWorldScene.cpp */ = {isa = PBXFileReference; fileEncoding = 4; lastKnownFileType = sourcecode.cpp.cpp; path = HelloWorldScene.cpp; sourceTree = "<group>"; };
		46880B8719C43A87006E1F66 /* HelloWorldScene.h */ = {isa = PBXFileReference; fileEncoding = 4; lastKnownFileType = sourcecode.c.h; path = HelloWorldScene.h; sourceTree = "<group>"; };
		503AE0F617EB97AB00D1A890 /* Icon.icns */ = {isa = PBXFileReference; lastKnownFileType = image.icns; path = Icon.icns; sourceTree = "<group>"; };
		503AE0F717EB97AB00D1A890 /* Info.plist */ = {isa = PBXFileReference; fileEncoding = 4; lastKnownFileType = text.plist.xml; path = Info.plist; sourceTree = "<group>"; };
		503AE10317EB98FF00D1A890 /* main.cpp */ = {isa = PBXFileReference; fileEncoding = 4; lastKnownFileType = sourcecode.cpp.cpp; name = main.cpp; path = mac/main.cpp; sourceTree = "<group>"; };
		503AE10417EB98FF00D1A890 /* Prefix.pch */ = {isa = PBXFileReference; fileEncoding = 4; lastKnownFileType = sourcecode.c.h; name = Prefix.pch; path = mac/Prefix.pch; sourceTree = "<group>"; };
		503AE11117EB99EE00D1A890 /* libcurl.dylib */ = {isa = PBXFileReference; lastKnownFileType = "compiled.mach-o.dylib"; name = libcurl.dylib; path = usr/lib/libcurl.dylib; sourceTree = SDKROOT; };
		503AE11A17EB9C5A00D1A890 /* IOKit.framework */ = {isa = PBXFileReference; lastKnownFileType = wrapper.framework; name = IOKit.framework; path = System/Library/Frameworks/IOKit.framework; sourceTree = SDKROOT; };
		5087E76F17EB910900C73F5D /* Pointcast-Mobile-App-desktop.app */ = {isa = PBXFileReference; explicitFileType = wrapper.application; includeInIndex = 0; path = "Pointcast-Mobile-App-desktop.app"; sourceTree = BUILT_PRODUCTS_DIR; };
		5087E78817EB974C00C73F5D /* AppKit.framework */ = {isa = PBXFileReference; lastKnownFileType = wrapper.framework; name = AppKit.framework; path = System/Library/Frameworks/AppKit.framework; sourceTree = SDKROOT; };
		5087E78A17EB975400C73F5D /* OpenGL.framework */ = {isa = PBXFileReference; lastKnownFileType = wrapper.framework; name = OpenGL.framework; path = System/Library/Frameworks/OpenGL.framework; sourceTree = SDKROOT; };
		521A8EA819F11F5000D177D7 /* fonts */ = {isa = PBXFileReference; lastKnownFileType = folder; path = fonts; sourceTree = "<group>"; };
		52B47A461A53D09B004E4C60 /* Security.framework */ = {isa = PBXFileReference; lastKnownFileType = wrapper.framework; name = Security.framework; path = Platforms/iPhoneOS.platform/Developer/SDKs/iPhoneOS.sdk/System/Library/Frameworks/Security.framework; sourceTree = DEVELOPER_DIR; };
		8262943D1AAF051F00CB7CF7 /* Security.framework */ = {isa = PBXFileReference; lastKnownFileType = wrapper.framework; name = Security.framework; path = System/Library/Frameworks/Security.framework; sourceTree = SDKROOT; };
		BF170DB012928DE900B8313A /* OpenGLES.framework */ = {isa = PBXFileReference; lastKnownFileType = wrapper.framework; name = OpenGLES.framework; path = System/Library/Frameworks/OpenGLES.framework; sourceTree = SDKROOT; };
		BF170DB412928DE900B8313A /* libz.dylib */ = {isa = PBXFileReference; lastKnownFileType = "compiled.mach-o.dylib"; name = libz.dylib; path = usr/lib/libz.dylib; sourceTree = SDKROOT; };
		BF1C47EA1293683800B63C5D /* QuartzCore.framework */ = {isa = PBXFileReference; lastKnownFileType = wrapper.framework; name = QuartzCore.framework; path = System/Library/Frameworks/QuartzCore.framework; sourceTree = SDKROOT; };
		D44C620B132DFF330009C878 /* OpenAL.framework */ = {isa = PBXFileReference; lastKnownFileType = wrapper.framework; name = OpenAL.framework; path = System/Library/Frameworks/OpenAL.framework; sourceTree = SDKROOT; };
		D44C620D132DFF430009C878 /* AVFoundation.framework */ = {isa = PBXFileReference; lastKnownFileType = wrapper.framework; name = AVFoundation.framework; path = System/Library/Frameworks/AVFoundation.framework; sourceTree = SDKROOT; };
		D44C620F132DFF4E0009C878 /* AudioToolbox.framework */ = {isa = PBXFileReference; lastKnownFileType = wrapper.framework; name = AudioToolbox.framework; path = System/Library/Frameworks/AudioToolbox.framework; sourceTree = SDKROOT; };
		D6B0611A1803AB670077942B /* CoreMotion.framework */ = {isa = PBXFileReference; lastKnownFileType = wrapper.framework; name = CoreMotion.framework; path = Platforms/iPhoneOS.platform/Developer/SDKs/iPhoneOS.sdk/System/Library/Frameworks/CoreMotion.framework; sourceTree = DEVELOPER_DIR; };
		ED545A7B1B68A1F400C3958E /* libiconv.dylib */ = {isa = PBXFileReference; lastKnownFileType = "compiled.mach-o.dylib"; name = libiconv.dylib; path = Platforms/iPhoneOS.platform/Developer/SDKs/iPhoneOS.sdk/usr/lib/libiconv.dylib; sourceTree = DEVELOPER_DIR; };
		ED545A7D1B68A1FA00C3958E /* libiconv.dylib */ = {isa = PBXFileReference; lastKnownFileType = "compiled.mach-o.dylib"; name = libiconv.dylib; path = usr/lib/libiconv.dylib; sourceTree = SDKROOT; };
/* End PBXFileReference section */

/* Begin PBXFrameworksBuildPhase section */
		1D60588F0D05DD3D006BFB54 /* Frameworks */ = {
			isa = PBXFrameworksBuildPhase;
			buildActionMask = 2147483647;
			files = (
				294D0D641D0D56D500F7F5D4 /* CoreText.framework in Frameworks */,
				ED545A7C1B68A1F400C3958E /* libiconv.dylib in Frameworks */,
				52B47A471A53D09C004E4C60 /* Security.framework in Frameworks */,
				1AC6FB30180E99EB004C840B /* libcocos2d iOS.a in Frameworks */,
				D6B0611B1803AB670077942B /* CoreMotion.framework in Frameworks */,
				1D60589F0D05DD5A006BFB54 /* Foundation.framework in Frameworks */,
				1DF5F4E00D08C38300B7A737 /* UIKit.framework in Frameworks */,
				288765A50DF7441C002DB57D /* CoreGraphics.framework in Frameworks */,
				BF171245129291EC00B8313A /* OpenGLES.framework in Frameworks */,
				BF1712471292920000B8313A /* libz.dylib in Frameworks */,
				BF1C47F01293687400B63C5D /* QuartzCore.framework in Frameworks */,
				D44C620C132DFF330009C878 /* OpenAL.framework in Frameworks */,
				D44C620E132DFF430009C878 /* AVFoundation.framework in Frameworks */,
				D44C6210132DFF4E0009C878 /* AudioToolbox.framework in Frameworks */,
			);
			runOnlyForDeploymentPostprocessing = 0;
		};
		5087E75C17EB910900C73F5D /* Frameworks */ = {
			isa = PBXFrameworksBuildPhase;
			buildActionMask = 2147483647;
			files = (
				ED545A7E1B68A1FA00C3958E /* libiconv.dylib in Frameworks */,
				1AC6FB21180E996B004C840B /* libcocos2d Mac.a in Frameworks */,
				5087E76717EB910900C73F5D /* libz.dylib in Frameworks */,
				8262943E1AAF051F00CB7CF7 /* Security.framework in Frameworks */,
				503AE11B17EB9C5A00D1A890 /* IOKit.framework in Frameworks */,
				5087E78B17EB975400C73F5D /* OpenGL.framework in Frameworks */,
				5087E78917EB974C00C73F5D /* AppKit.framework in Frameworks */,
				5087E76317EB910900C73F5D /* Foundation.framework in Frameworks */,
				5087E76817EB910900C73F5D /* QuartzCore.framework in Frameworks */,
				5087E76917EB910900C73F5D /* OpenAL.framework in Frameworks */,
				5087E76A17EB910900C73F5D /* AVFoundation.framework in Frameworks */,
				5087E76B17EB910900C73F5D /* AudioToolbox.framework in Frameworks */,
			);
			runOnlyForDeploymentPostprocessing = 0;
		};
/* End PBXFrameworksBuildPhase section */

/* Begin PBXGroup section */
		157A376D2108D1F7001DA6FC /* lib */ = {
			isa = PBXGroup;
			children = (
				157A376E2108D1F7001DA6FC /* Util.cpp */,
				157A376F2108D1F7001DA6FC /* native */,
				157A37742108D1F7001DA6FC /* network */,
				157A37772108D1F7001DA6FC /* object */,
				157A377C2108D1F7001DA6FC /* gesture */,
				157A377F2108D1F7001DA6FC /* external */,
				157A37892108D1F7001DA6FC /* Util.hpp */,
			);
			path = lib;
			sourceTree = "<group>";
		};
		157A376F2108D1F7001DA6FC /* native */ = {
			isa = PBXGroup;
			children = (
				157A37702108D1F7001DA6FC /* GoogleMapsManager.h */,
				157A37712108D1F7001DA6FC /* Util.h */,
				157A37722108D1F7001DA6FC /* CCCoreLocation.cpp */,
				157A37732108D1F7001DA6FC /* CCCoreLocation.h */,
			);
			path = native;
			sourceTree = "<group>";
		};
		157A37742108D1F7001DA6FC /* network */ = {
			isa = PBXGroup;
			children = (
				157A37752108D1F7001DA6FC /* DataStoreSingleton.cpp */,
				157A37762108D1F7001DA6FC /* DataStoreSingleton.hpp */,
			);
			path = network;
			sourceTree = "<group>";
		};
		157A37772108D1F7001DA6FC /* object */ = {
			isa = PBXGroup;
			children = (
				157A37782108D1F7001DA6FC /* ChartItem.hpp */,
				157A37792108D1F7001DA6FC /* LocationItem.hpp */,
				157A377A2108D1F7001DA6FC /* WeatherItem.hpp */,
				157A377B2108D1F7001DA6FC /* LocationItem.cpp */,
			);
			path = object;
			sourceTree = "<group>";
		};
		157A377C2108D1F7001DA6FC /* gesture */ = {
			isa = PBXGroup;
			children = (
				157A377D2108D1F7001DA6FC /* Pinch.cpp */,
				157A377E2108D1F7001DA6FC /* Pinch.hpp */,
			);
			path = gesture;
			sourceTree = "<group>";
		};
		157A377F2108D1F7001DA6FC /* external */ = {
			isa = PBXGroup;
			children = (
				157A37802108D1F7001DA6FC /* CCLayerPanZoom.h */,
				157A37812108D1F7001DA6FC /* CCActivityIndicator.h */,
				157A37822108D1F7001DA6FC /* RoundedBoxSprite.cpp */,
				157A37832108D1F7001DA6FC /* RoundedBoxSprite.h */,
				157A37842108D1F7001DA6FC /* SpriteBlur.cpp */,
				157A37852108D1F7001DA6FC /* SpriteBlur.h */,
				157A37862108D1F7001DA6FC /* picojson.h */,
				157A37872108D1F7001DA6FC /* CCLayerPanZoom.cpp */,
				157A37882108D1F7001DA6FC /* CCActivityIndicator.cpp */,
			);
			path = external;
			sourceTree = "<group>";
		};
		157A378A2108D1F7001DA6FC /* scene */ = {
			isa = PBXGroup;
			children = (
				157A378B2108D1F7001DA6FC /* Main.hpp */,
				157A378C2108D1F7001DA6FC /* layout */,
				157A37992108D1F7001DA6FC /* chart */,
				157A379C2108D1F7001DA6FC /* menu */,
				157A37A72108D1F7001DA6FC /* modal */,
				157A37B32108D1F7001DA6FC /* Main.cpp */,
				157A37B42108D1F7001DA6FC /* base */,
				157A37B72108D1F7001DA6FC /* customize */,
			);
			path = scene;
			sourceTree = "<group>";
		};
		157A378C2108D1F7001DA6FC /* layout */ = {
			isa = PBXGroup;
			children = (
				157A378D2108D1F7001DA6FC /* helper */,
			);
			path = layout;
			sourceTree = "<group>";
		};
		157A378D2108D1F7001DA6FC /* helper */ = {
			isa = PBXGroup;
			children = (
				157A378E2108D1F7001DA6FC /* Contents.hpp */,
				157A378F2108D1F7001DA6FC /* Header.cpp */,
				157A37902108D1F7001DA6FC /* Chart.hpp */,
				157A37912108D1F7001DA6FC /* Footer.cpp */,
				157A37922108D1F7001DA6FC /* Display.cpp */,
				157A37932108D1F7001DA6FC /* SortPickerVidewController.m */,
				157A37942108D1F7001DA6FC /* Header.hpp */,
				157A37952108D1F7001DA6FC /* Chart.cpp */,
				157A37962108D1F7001DA6FC /* Footer.hpp */,
				157A37972108D1F7001DA6FC /* Display.hpp */,
				157A37982108D1F7001DA6FC /* Contents.cpp */,
			);
			path = helper;
			sourceTree = "<group>";
		};
		157A37992108D1F7001DA6FC /* chart */ = {
			isa = PBXGroup;
			children = (
				157A379A2108D1F7001DA6FC /* Board.cpp */,
				157A379B2108D1F7001DA6FC /* Board.hpp */,
			);
			path = chart;
			sourceTree = "<group>";
		};
		157A379C2108D1F7001DA6FC /* menu */ = {
			isa = PBXGroup;
			children = (
				157A379D2108D1F7001DA6FC /* Sensors.hpp */,
				157A379E2108D1F7001DA6FC /* About.cpp */,
				157A379F2108D1F7001DA6FC /* Topic.cpp */,
				157A37A02108D1F7001DA6FC /* Map.hpp */,
				157A37A12108D1F7001DA6FC /* Analytics.cpp */,
				157A37A22108D1F7001DA6FC /* Map.cpp */,
				157A37A32108D1F7001DA6FC /* Analytics.hpp */,
				157A37A42108D1F7001DA6FC /* About.hpp */,
				157A37A52108D1F7001DA6FC /* Sensors.cpp */,
				157A37A62108D1F7001DA6FC /* Topic.hpp */,
			);
			path = menu;
			sourceTree = "<group>";
		};
		157A37A72108D1F7001DA6FC /* modal */ = {
			isa = PBXGroup;
			children = (
				157A37A82108D1F7001DA6FC /* Indicator.hpp */,
				157A37A92108D1F7001DA6FC /* Dialog.cpp */,
				157A37AA2108D1F7001DA6FC /* Search.hpp */,
				157A37AB2108D1F7001DA6FC /* Sort.cpp */,
				157A37AC2108D1F7001DA6FC /* Dialog.hpp */,
				157A37AD2108D1F7001DA6FC /* Search.cpp */,
				157A37AE2108D1F7001DA6FC /* Sort.hpp */,
				157A37AF2108D1F7001DA6FC /* Indicator.cpp */,
				157A37B02108D1F7001DA6FC /* base */,
			);
			path = modal;
			sourceTree = "<group>";
		};
		157A37B02108D1F7001DA6FC /* base */ = {
			isa = PBXGroup;
			children = (
				157A37B12108D1F7001DA6FC /* AbstructModal.cpp */,
				157A37B22108D1F7001DA6FC /* AbstructModal.hpp */,
			);
			path = base;
			sourceTree = "<group>";
		};
		157A37B42108D1F7001DA6FC /* base */ = {
			isa = PBXGroup;
			children = (
				157A37B52108D1F7001DA6FC /* AbstructScene.cpp */,
				157A37B62108D1F7001DA6FC /* AbstructScene.hpp */,
			);
			path = base;
			sourceTree = "<group>";
		};
		157A37B72108D1F7001DA6FC /* customize */ = {
			isa = PBXGroup;
			children = (
				157A37B82108D1F7001DA6FC /* CustomUIScrollView.h */,
				157A37B92108D1F7001DA6FC /* CustomUIScrollView.cpp */,
			);
			path = customize;
			sourceTree = "<group>";
		};
		19C28FACFE9D520D11CA2CBB /* Products */ = {
			isa = PBXGroup;
			children = (
				1D6058910D05DD3D006BFB54 /* Pointcast-Mobile-App-mobile.app */,
				5087E76F17EB910900C73F5D /* Pointcast-Mobile-App-desktop.app */,
			);
			name = Products;
			sourceTree = "<group>";
		};
		1AC6FAE6180E9839004C840B /* Products */ = {
			isa = PBXGroup;
			children = (
				1AC6FAF9180E9839004C840B /* libcocos2d Mac.a */,
				1AC6FB07180E9839004C840B /* libcocos2d iOS.a */,
				1A7533E31F6F75F6007E8E6F /* libcocos2d tvOS.a */,
			);
			name = Products;
			sourceTree = "<group>";
		};
		1AF87B461F6F77D6007BE51C /* ios */ = {
			isa = PBXGroup;
			children = (
				1A88B2631FC3D9C9005C14AE /* Images.xcassets */,
				1AF87B471F6F77D6007BE51C /* AppController.h */,
				1AF87B481F6F77D6007BE51C /* AppController.mm */,
				1AF87B581F6F77D6007BE51C /* Info.plist */,
				1AF87B591F6F77D6007BE51C /* LaunchScreen.storyboard */,
				1AF87B5A1F6F77D6007BE51C /* LaunchScreenBackground.png */,
				1AF87B5B1F6F77D6007BE51C /* main.m */,
				1AF87B5C1F6F77D6007BE51C /* Prefix.pch */,
				1AF87B5D1F6F77D6007BE51C /* RootViewController.h */,
				1AF87B5E1F6F77D6007BE51C /* RootViewController.mm */,
			);
			path = ios;
			sourceTree = "<group>";
		};
		29B97314FDCFA39411CA2CEA /* CustomTemplate */ = {
			isa = PBXGroup;
			children = (
				46880B8319C43A87006E1F66 /* Classes */,
				46880B7519C43A67006E1F66 /* Resources */,
				1AC6FAE5180E9839004C840B /* cocos2d_libs.xcodeproj */,
				29B97323FDCFA39411CA2CEA /* Frameworks */,
				1AF87B461F6F77D6007BE51C /* ios */,
				503AE10617EB990700D1A890 /* mac */,
				19C28FACFE9D520D11CA2CBB /* Products */,
			);
			name = CustomTemplate;
			sourceTree = "<group>";
		};
		29B97323FDCFA39411CA2CEA /* Frameworks */ = {
			isa = PBXGroup;
			children = (
				294D0D631D0D56D500F7F5D4 /* CoreText.framework */,
				ED545A7D1B68A1FA00C3958E /* libiconv.dylib */,
				ED545A7B1B68A1F400C3958E /* libiconv.dylib */,
				8262943D1AAF051F00CB7CF7 /* Security.framework */,
				52B47A461A53D09B004E4C60 /* Security.framework */,
				D6B0611A1803AB670077942B /* CoreMotion.framework */,
				503AE11A17EB9C5A00D1A890 /* IOKit.framework */,
				503AE11117EB99EE00D1A890 /* libcurl.dylib */,
				5087E78A17EB975400C73F5D /* OpenGL.framework */,
				5087E78817EB974C00C73F5D /* AppKit.framework */,
				1ACB3243164770DE00914215 /* libcurl.a */,
				BF170DB412928DE900B8313A /* libz.dylib */,
				D44C620F132DFF4E0009C878 /* AudioToolbox.framework */,
				D44C620D132DFF430009C878 /* AVFoundation.framework */,
				288765A40DF7441C002DB57D /* CoreGraphics.framework */,
				1D30AB110D05D00D00671497 /* Foundation.framework */,
				D44C620B132DFF330009C878 /* OpenAL.framework */,
				BF170DB012928DE900B8313A /* OpenGLES.framework */,
				BF1C47EA1293683800B63C5D /* QuartzCore.framework */,
				1DF5F4DF0D08C38300B7A737 /* UIKit.framework */,
			);
			name = Frameworks;
			sourceTree = "<group>";
		};
		46880B7519C43A67006E1F66 /* Resources */ = {
			isa = PBXGroup;
			children = (
				521A8EA819F11F5000D177D7 /* fonts */,
				3EACC98E19EE6D4300EB3C5E /* res */,
				46880B7619C43A67006E1F66 /* CloseNormal.png */,
				46880B7719C43A67006E1F66 /* CloseSelected.png */,
				46880B7A19C43A67006E1F66 /* HelloWorld.png */,
			);
			name = Resources;
			path = ../Resources;
			sourceTree = "<group>";
		};
		46880B8319C43A87006E1F66 /* Classes */ = {
			isa = PBXGroup;
			children = (
				157A376D2108D1F7001DA6FC /* lib */,
				157A378A2108D1F7001DA6FC /* scene */,
				46880B8419C43A87006E1F66 /* AppDelegate.cpp */,
				46880B8519C43A87006E1F66 /* AppDelegate.h */,
				46880B8619C43A87006E1F66 /* HelloWorldScene.cpp */,
				46880B8719C43A87006E1F66 /* HelloWorldScene.h */,
			);
			name = Classes;
			path = ../Classes;
			sourceTree = "<group>";
		};
		503AE0F517EB97AB00D1A890 /* Icons */ = {
			isa = PBXGroup;
			children = (
				503AE0F617EB97AB00D1A890 /* Icon.icns */,
				503AE0F717EB97AB00D1A890 /* Info.plist */,
			);
			name = Icons;
			path = mac;
			sourceTree = SOURCE_ROOT;
		};
		503AE10617EB990700D1A890 /* mac */ = {
			isa = PBXGroup;
			children = (
				503AE0F517EB97AB00D1A890 /* Icons */,
				503AE10317EB98FF00D1A890 /* main.cpp */,
				503AE10417EB98FF00D1A890 /* Prefix.pch */,
			);
			name = mac;
			sourceTree = "<group>";
		};
/* End PBXGroup section */

/* Begin PBXNativeTarget section */
		1D6058900D05DD3D006BFB54 /* Pointcast-Mobile-App-mobile */ = {
			isa = PBXNativeTarget;
			buildConfigurationList = 1D6058960D05DD3E006BFB54 /* Build configuration list for PBXNativeTarget "Pointcast-Mobile-App-mobile" */;
			buildPhases = (
				1D60588D0D05DD3D006BFB54 /* Resources */,
				1D60588E0D05DD3D006BFB54 /* Sources */,
				1D60588F0D05DD3D006BFB54 /* Frameworks */,
			);
			buildRules = (
			);
			dependencies = (
				1AC6FB25180E99E1004C840B /* PBXTargetDependency */,
			);
			name = "Pointcast-Mobile-App-mobile";
			productName = iphone;
			productReference = 1D6058910D05DD3D006BFB54 /* Pointcast-Mobile-App-mobile.app */;
			productType = "com.apple.product-type.application";
		};
		5087E73D17EB910900C73F5D /* Pointcast-Mobile-App-desktop */ = {
			isa = PBXNativeTarget;
			buildConfigurationList = 5087E76C17EB910900C73F5D /* Build configuration list for PBXNativeTarget "Pointcast-Mobile-App-desktop" */;
			buildPhases = (
				5087E74817EB910900C73F5D /* Resources */,
				5087E75617EB910900C73F5D /* Sources */,
				5087E75C17EB910900C73F5D /* Frameworks */,
			);
			buildRules = (
			);
			dependencies = (
				1AC6FB16180E9959004C840B /* PBXTargetDependency */,
			);
			name = "Pointcast-Mobile-App-desktop";
			productName = iphone;
			productReference = 5087E76F17EB910900C73F5D /* Pointcast-Mobile-App-desktop.app */;
			productType = "com.apple.product-type.application";
		};
/* End PBXNativeTarget section */

/* Begin PBXProject section */
		29B97313FDCFA39411CA2CEA /* Project object */ = {
			isa = PBXProject;
			attributes = {
				LastUpgradeCheck = 0500;
				TargetAttributes = {
					1D6058900D05DD3D006BFB54 = {
						DevelopmentTeam = 7S5AAN8833;
					};
				};
			};
			buildConfigurationList = C01FCF4E08A954540054247B /* Build configuration list for PBXProject "Pointcast-Mobile-App" */;
			compatibilityVersion = "Xcode 3.2";
			developmentRegion = English;
			hasScannedForEncodings = 1;
			knownRegions = (
				English,
				Japanese,
				French,
				German,
			);
			mainGroup = 29B97314FDCFA39411CA2CEA /* CustomTemplate */;
			projectDirPath = "";
			projectReferences = (
				{
					ProductGroup = 1AC6FAE6180E9839004C840B /* Products */;
					ProjectRef = 1AC6FAE5180E9839004C840B /* cocos2d_libs.xcodeproj */;
				},
			);
			projectRoot = "";
			targets = (
				1D6058900D05DD3D006BFB54 /* Pointcast-Mobile-App-mobile */,
				5087E73D17EB910900C73F5D /* Pointcast-Mobile-App-desktop */,
			);
		};
/* End PBXProject section */

/* Begin PBXReferenceProxy section */
		1A7533E31F6F75F6007E8E6F /* libcocos2d tvOS.a */ = {
			isa = PBXReferenceProxy;
			fileType = archive.ar;
			path = "libcocos2d tvOS.a";
			remoteRef = 1A7533E21F6F75F6007E8E6F /* PBXContainerItemProxy */;
			sourceTree = BUILT_PRODUCTS_DIR;
		};
		1AC6FAF9180E9839004C840B /* libcocos2d Mac.a */ = {
			isa = PBXReferenceProxy;
			fileType = archive.ar;
			path = "libcocos2d Mac.a";
			remoteRef = 1AC6FAF8180E9839004C840B /* PBXContainerItemProxy */;
			sourceTree = BUILT_PRODUCTS_DIR;
		};
		1AC6FB07180E9839004C840B /* libcocos2d iOS.a */ = {
			isa = PBXReferenceProxy;
			fileType = archive.ar;
			path = "libcocos2d iOS.a";
			remoteRef = 1AC6FB06180E9839004C840B /* PBXContainerItemProxy */;
			sourceTree = BUILT_PRODUCTS_DIR;
		};
/* End PBXReferenceProxy section */

/* Begin PBXResourcesBuildPhase section */
		1D60588D0D05DD3D006BFB54 /* Resources */ = {
			isa = PBXResourcesBuildPhase;
			buildActionMask = 2147483647;
			files = (
				46880B8119C43A67006E1F66 /* HelloWorld.png in Resources */,
				1A88B2641FC3D9C9005C14AE /* Images.xcassets in Resources */,
				46880B7D19C43A67006E1F66 /* CloseSelected.png in Resources */,
				521A8EA919F11F5000D177D7 /* fonts in Resources */,
				3EACC98F19EE6D4300EB3C5E /* res in Resources */,
				1AF87B891F6F781D007BE51C /* LaunchScreenBackground.png in Resources */,
				46880B7B19C43A67006E1F66 /* CloseNormal.png in Resources */,
				1AF87B881F6F781D007BE51C /* LaunchScreen.storyboard in Resources */,
			);
			runOnlyForDeploymentPostprocessing = 0;
		};
		5087E74817EB910900C73F5D /* Resources */ = {
			isa = PBXResourcesBuildPhase;
			buildActionMask = 2147483647;
			files = (
				46880B8219C43A67006E1F66 /* HelloWorld.png in Resources */,
				503AE0F817EB97AB00D1A890 /* Icon.icns in Resources */,
				3EACC99019EE6D4300EB3C5E /* res in Resources */,
				521A8EAA19F11F5000D177D7 /* fonts in Resources */,
				46880B7C19C43A67006E1F66 /* CloseNormal.png in Resources */,
				46880B7E19C43A67006E1F66 /* CloseSelected.png in Resources */,
			);
			runOnlyForDeploymentPostprocessing = 0;
		};
/* End PBXResourcesBuildPhase section */

/* Begin PBXSourcesBuildPhase section */
		1D60588E0D05DD3D006BFB54 /* Sources */ = {
			isa = PBXSourcesBuildPhase;
			buildActionMask = 2147483647;
			files = (
				157A37F02108D1F7001DA6FC /* AbstructScene.cpp in Sources */,
				157A37D82108D1F7001DA6FC /* Board.cpp in Sources */,
				157A37E02108D1F7001DA6FC /* Map.cpp in Sources */,
				1AF87B781F6F77F7007BE51C /* AppController.mm in Sources */,
				157A37D22108D1F7001DA6FC /* SortPickerVidewController.m in Sources */,
				157A37C02108D1F7001DA6FC /* LocationItem.cpp in Sources */,
				157A37BE2108D1F7001DA6FC /* DataStoreSingleton.cpp in Sources */,
				157A37DA2108D1F7001DA6FC /* About.cpp in Sources */,
				157A37E42108D1F7001DA6FC /* Dialog.cpp in Sources */,
				157A37BC2108D1F7001DA6FC /* CCCoreLocation.cpp in Sources */,
				1AF87B8B1F6F782A007BE51C /* RootViewController.mm in Sources */,
				46880B8819C43A87006E1F66 /* AppDelegate.cpp in Sources */,
				157A37CC2108D1F7001DA6FC /* Header.cpp in Sources */,
				157A37E22108D1F7001DA6FC /* Sensors.cpp in Sources */,
				157A37F22108D1F7001DA6FC /* CustomUIScrollView.cpp in Sources */,
				157A37E62108D1F7001DA6FC /* Sort.cpp in Sources */,
				157A37C82108D1F7001DA6FC /* CCLayerPanZoom.cpp in Sources */,
				157A37C22108D1F7001DA6FC /* Pinch.cpp in Sources */,
				157A37BA2108D1F7001DA6FC /* Util.cpp in Sources */,
				157A37CE2108D1F7001DA6FC /* Footer.cpp in Sources */,
				157A37DE2108D1F7001DA6FC /* Analytics.cpp in Sources */,
				1AF87B8A1F6F7822007BE51C /* main.m in Sources */,
				157A37CA2108D1F7001DA6FC /* CCActivityIndicator.cpp in Sources */,
				157A37EC2108D1F7001DA6FC /* AbstructModal.cpp in Sources */,
				157A37EA2108D1F7001DA6FC /* Indicator.cpp in Sources */,
				157A37DC2108D1F7001DA6FC /* Topic.cpp in Sources */,
				157A37C42108D1F7001DA6FC /* RoundedBoxSprite.cpp in Sources */,
				157A37D62108D1F7001DA6FC /* Contents.cpp in Sources */,
				157A37E82108D1F7001DA6FC /* Search.cpp in Sources */,
				46880B8A19C43A87006E1F66 /* HelloWorldScene.cpp in Sources */,
				157A37C62108D1F7001DA6FC /* SpriteBlur.cpp in Sources */,
				157A37D02108D1F7001DA6FC /* Display.cpp in Sources */,
				157A37EE2108D1F7001DA6FC /* Main.cpp in Sources */,
				157A37D42108D1F7001DA6FC /* Chart.cpp in Sources */,
			);
			runOnlyForDeploymentPostprocessing = 0;
		};
		5087E75617EB910900C73F5D /* Sources */ = {
			isa = PBXSourcesBuildPhase;
			buildActionMask = 2147483647;
			files = (
				157A37ED2108D1F7001DA6FC /* AbstructModal.cpp in Sources */,
				157A37CB2108D1F7001DA6FC /* CCActivityIndicator.cpp in Sources */,
				157A37E92108D1F7001DA6FC /* Search.cpp in Sources */,
				46880B8919C43A87006E1F66 /* AppDelegate.cpp in Sources */,
				157A37D92108D1F7001DA6FC /* Board.cpp in Sources */,
				503AE10517EB98FF00D1A890 /* main.cpp in Sources */,
				46880B8B19C43A87006E1F66 /* HelloWorldScene.cpp in Sources */,
				157A37E72108D1F7001DA6FC /* Sort.cpp in Sources */,
				157A37DB2108D1F7001DA6FC /* About.cpp in Sources */,
				157A37D52108D1F7001DA6FC /* Chart.cpp in Sources */,
				157A37F32108D1F7001DA6FC /* CustomUIScrollView.cpp in Sources */,
				157A37CD2108D1F7001DA6FC /* Header.cpp in Sources */,
				157A37BF2108D1F7001DA6FC /* DataStoreSingleton.cpp in Sources */,
				157A37EB2108D1F7001DA6FC /* Indicator.cpp in Sources */,
				157A37E32108D1F7001DA6FC /* Sensors.cpp in Sources */,
				157A37DD2108D1F7001DA6FC /* Topic.cpp in Sources */,
				157A37C32108D1F7001DA6FC /* Pinch.cpp in Sources */,
				157A37C72108D1F7001DA6FC /* SpriteBlur.cpp in Sources */,
				157A37BB2108D1F7001DA6FC /* Util.cpp in Sources */,
				157A37E12108D1F7001DA6FC /* Map.cpp in Sources */,
				157A37C92108D1F7001DA6FC /* CCLayerPanZoom.cpp in Sources */,
				157A37D72108D1F7001DA6FC /* Contents.cpp in Sources */,
				157A37E52108D1F7001DA6FC /* Dialog.cpp in Sources */,
				157A37BD2108D1F7001DA6FC /* CCCoreLocation.cpp in Sources */,
				157A37DF2108D1F7001DA6FC /* Analytics.cpp in Sources */,
				157A37EF2108D1F7001DA6FC /* Main.cpp in Sources */,
				157A37C12108D1F7001DA6FC /* LocationItem.cpp in Sources */,
				157A37F12108D1F7001DA6FC /* AbstructScene.cpp in Sources */,
				157A37CF2108D1F7001DA6FC /* Footer.cpp in Sources */,
				157A37C52108D1F7001DA6FC /* RoundedBoxSprite.cpp in Sources */,
				157A37D12108D1F7001DA6FC /* Display.cpp in Sources */,
				157A37D32108D1F7001DA6FC /* SortPickerVidewController.m in Sources */,
			);
			runOnlyForDeploymentPostprocessing = 0;
		};
/* End PBXSourcesBuildPhase section */

/* Begin PBXTargetDependency section */
		1AC6FB16180E9959004C840B /* PBXTargetDependency */ = {
			isa = PBXTargetDependency;
			name = "cocos2dx Mac";
			targetProxy = 1AC6FB15180E9959004C840B /* PBXContainerItemProxy */;
		};
		1AC6FB25180E99E1004C840B /* PBXTargetDependency */ = {
			isa = PBXTargetDependency;
			name = "cocos2dx iOS";
			targetProxy = 1AC6FB24180E99E1004C840B /* PBXContainerItemProxy */;
		};
/* End PBXTargetDependency section */

/* Begin XCBuildConfiguration section */
		1D6058940D05DD3E006BFB54 /* Debug */ = {
			isa = XCBuildConfiguration;
			buildSettings = {
				ALWAYS_SEARCH_USER_PATHS = YES;
				ASSETCATALOG_COMPILER_APPICON_NAME = AppIcon;
				CODE_SIGN_IDENTITY = "iPhone Developer";
				COMPRESS_PNG_FILES = NO;
				DEVELOPMENT_TEAM = 7S5AAN8833;
				ENABLE_BITCODE = NO;
				GCC_DYNAMIC_NO_PIC = NO;
				GCC_INLINES_ARE_PRIVATE_EXTERN = NO;
				GCC_PRECOMPILE_PREFIX_HEADER = YES;
				GCC_PREFIX_HEADER = ios/Prefix.pch;
				GCC_PREPROCESSOR_DEFINITIONS = (
					USE_FILE32API,
					"COCOS2D_DEBUG=1",
					"CC_ENABLE_CHIPMUNK_INTEGRATION=1",
				);
				GCC_SYMBOLS_PRIVATE_EXTERN = NO;
				HEADER_SEARCH_PATHS = (
					"$(inherited)",
					"Classes/**",
					"$(SRC_ROOT)/Classes/lib/object/",
				);
				INFOPLIST_FILE = ios/Info.plist;
				IPHONEOS_DEPLOYMENT_TARGET = 6.0;
				LIBRARY_SEARCH_PATHS = "";
				OTHER_LDFLAGS = (
					"$(_COCOS_LIB_IOS_BEGIN)",
					"$(_COCOS_LIB_IOS_END)",
				);
				SDKROOT = iphoneos;
				STRIP_PNG_TEXT = NO;
				TARGETED_DEVICE_FAMILY = "1,2";
				USER_HEADER_SEARCH_PATHS = "$(_COCOS_HEADER_IOS_BEGIN) $(_COCOS_HEADER_IOS_END) $(SRC_ROOT)/Classes/lib/object/**";
				VALID_ARCHS = "arm64 armv7";
			};
			name = Debug;
		};
		1D6058950D05DD3E006BFB54 /* Release */ = {
			isa = XCBuildConfiguration;
			buildSettings = {
				ALWAYS_SEARCH_USER_PATHS = YES;
				ASSETCATALOG_COMPILER_APPICON_NAME = AppIcon;
				CODE_SIGN_IDENTITY = "iPhone Developer";
				COMPRESS_PNG_FILES = NO;
				DEVELOPMENT_TEAM = 7S5AAN8833;
				ENABLE_BITCODE = NO;
				GCC_INLINES_ARE_PRIVATE_EXTERN = NO;
				GCC_PRECOMPILE_PREFIX_HEADER = YES;
				GCC_PREFIX_HEADER = ios/Prefix.pch;
				GCC_PREPROCESSOR_DEFINITIONS = (
					USE_FILE32API,
					"CC_ENABLE_CHIPMUNK_INTEGRATION=1",
					NDEBUG,
				);
				GCC_SYMBOLS_PRIVATE_EXTERN = NO;
				HEADER_SEARCH_PATHS = (
					"$(inherited)",
					"Classes/**",
					"$(SRC_ROOT)/Classes/lib/object/",
				);
				INFOPLIST_FILE = ios/Info.plist;
				IPHONEOS_DEPLOYMENT_TARGET = 6.0;
				LIBRARY_SEARCH_PATHS = "";
				OTHER_LDFLAGS = (
					"$(_COCOS_LIB_IOS_BEGIN)",
					"$(_COCOS_LIB_IOS_END)",
				);
				SDKROOT = iphoneos;
				STRIP_PNG_TEXT = NO;
				TARGETED_DEVICE_FAMILY = "1,2";
				USER_HEADER_SEARCH_PATHS = "$(_COCOS_HEADER_IOS_BEGIN) $(_COCOS_HEADER_IOS_END) $(SRC_ROOT)/Classes/lib/object/**";
				VALID_ARCHS = "arm64 armv7";
			};
			name = Release;
		};
		5087E76D17EB910900C73F5D /* Debug */ = {
			isa = XCBuildConfiguration;
			buildSettings = {
				ALWAYS_SEARCH_USER_PATHS = YES;
				ARCHS = "$(ARCHS_STANDARD_64_BIT)";
				CLANG_CXX_LANGUAGE_STANDARD = "c++0x";
				CLANG_CXX_LIBRARY = "libc++";
				GCC_DYNAMIC_NO_PIC = NO;
				GCC_INLINES_ARE_PRIVATE_EXTERN = NO;
				GCC_PRECOMPILE_PREFIX_HEADER = YES;
				GCC_PREFIX_HEADER = mac/Prefix.pch;
				GCC_PREPROCESSOR_DEFINITIONS = (
					USE_FILE32API,
					"COCOS2D_DEBUG=1",
					"CC_ENABLE_CHIPMUNK_INTEGRATION=1",
				);
				GCC_SYMBOLS_PRIVATE_EXTERN = NO;
				HEADER_SEARCH_PATHS = (
					"$(inherited)",
					"$(SRCROOT)/../cocos2d/external/glfw3/include/mac",
				);
				INFOPLIST_FILE = mac/Info.plist;
				LIBRARY_SEARCH_PATHS = "";
				OTHER_LDFLAGS = (
					"$(_COCOS_LIB_MAC_BEGIN)",
					"$(_COCOS_LIB_MAC_END)",
				);
				USER_HEADER_SEARCH_PATHS = "$(_COCOS_HEADER_MAC_BEGIN) $(_COCOS_HEADER_MAC_END)";
			};
			name = Debug;
		};
		5087E76E17EB910900C73F5D /* Release */ = {
			isa = XCBuildConfiguration;
			buildSettings = {
				ALWAYS_SEARCH_USER_PATHS = YES;
				ARCHS = "$(ARCHS_STANDARD_64_BIT)";
				CLANG_CXX_LANGUAGE_STANDARD = "c++0x";
				CLANG_CXX_LIBRARY = "libc++";
				GCC_INLINES_ARE_PRIVATE_EXTERN = NO;
				GCC_PRECOMPILE_PREFIX_HEADER = YES;
				GCC_PREFIX_HEADER = mac/Prefix.pch;
				GCC_PREPROCESSOR_DEFINITIONS = (
					USE_FILE32API,
					"CC_ENABLE_CHIPMUNK_INTEGRATION=1",
					NDEBUG,
				);
				GCC_SYMBOLS_PRIVATE_EXTERN = NO;
				HEADER_SEARCH_PATHS = (
					"$(inherited)",
					"$(SRCROOT)/../cocos2d/external/glfw3/include/mac",
				);
				INFOPLIST_FILE = mac/Info.plist;
				LIBRARY_SEARCH_PATHS = "";
				OTHER_LDFLAGS = (
					"$(_COCOS_LIB_MAC_BEGIN)",
					"$(_COCOS_LIB_MAC_END)",
				);
				USER_HEADER_SEARCH_PATHS = "$(_COCOS_HEADER_MAC_BEGIN) $(_COCOS_HEADER_MAC_END)";
			};
			name = Release;
		};
		C01FCF4F08A954540054247B /* Debug */ = {
			isa = XCBuildConfiguration;
			buildSettings = {
				CLANG_CXX_LANGUAGE_STANDARD = "c++0x";
				CLANG_CXX_LIBRARY = "libc++";
				COPY_PHASE_STRIP = NO;
				GCC_OPTIMIZATION_LEVEL = 0;
				GCC_WARN_ABOUT_RETURN_TYPE = YES;
				GCC_WARN_UNUSED_VARIABLE = YES;
				HEADER_SEARCH_PATHS = (
					"$(SRCROOT)/../cocos2d",
					"$(SRCROOT)/../cocos2d/cocos/audio/include",
					"$(SRCROOT)/../cocos2d/cocos",
					"$(SRCROOT)/../cocos2d/extensions",
					"$(SRCROOT)/../cocos2d/external",
					"$(SRCROOT)/../cocos2d/external/chipmunk/include/chipmunk",
					"$(SRCROOT)/../cocos2d/cocos/editor-support",
				);
				IPHONEOS_DEPLOYMENT_TARGET = 6.0;
				MACOSX_DEPLOYMENT_TARGET = 10.7;
				ONLY_ACTIVE_ARCH = YES;
				PRODUCT_NAME = "$(TARGET_NAME)";
				SDKROOT = macosx;
			};
			name = Debug;
		};
		C01FCF5008A954540054247B /* Release */ = {
			isa = XCBuildConfiguration;
			buildSettings = {
				CLANG_CXX_LANGUAGE_STANDARD = "c++0x";
				CLANG_CXX_LIBRARY = "libc++";
				GCC_WARN_ABOUT_RETURN_TYPE = YES;
				GCC_WARN_UNUSED_VARIABLE = YES;
				HEADER_SEARCH_PATHS = (
					"$(SRCROOT)/../cocos2d",
					"$(SRCROOT)/../cocos2d/cocos/audio/include",
					"$(SRCROOT)/../cocos2d/cocos",
					"$(SRCROOT)/../cocos2d/extensions",
					"$(SRCROOT)/../cocos2d/external",
					"$(SRCROOT)/../cocos2d/external/chipmunk/include/chipmunk",
					"$(SRCROOT)/../cocos2d/cocos/editor-support",
				);
				IPHONEOS_DEPLOYMENT_TARGET = 6.0;
				MACOSX_DEPLOYMENT_TARGET = 10.7;
				OTHER_CFLAGS = "-DNS_BLOCK_ASSERTIONS=1";
				PRODUCT_NAME = "$(TARGET_NAME)";
				SDKROOT = macosx;
				VALIDATE_PRODUCT = YES;
			};
			name = Release;
		};
/* End XCBuildConfiguration section */

/* Begin XCConfigurationList section */
		1D6058960D05DD3E006BFB54 /* Build configuration list for PBXNativeTarget "Pointcast-Mobile-App-mobile" */ = {
			isa = XCConfigurationList;
			buildConfigurations = (
				1D6058940D05DD3E006BFB54 /* Debug */,
				1D6058950D05DD3E006BFB54 /* Release */,
			);
			defaultConfigurationIsVisible = 0;
			defaultConfigurationName = Debug;
		};
		5087E76C17EB910900C73F5D /* Build configuration list for PBXNativeTarget "Pointcast-Mobile-App-desktop" */ = {
			isa = XCConfigurationList;
			buildConfigurations = (
				5087E76D17EB910900C73F5D /* Debug */,
				5087E76E17EB910900C73F5D /* Release */,
			);
			defaultConfigurationIsVisible = 0;
			defaultConfigurationName = Debug;
		};
		C01FCF4E08A954540054247B /* Build configuration list for PBXProject "Pointcast-Mobile-App" */ = {
			isa = XCConfigurationList;
			buildConfigurations = (
				C01FCF4F08A954540054247B /* Debug */,
				C01FCF5008A954540054247B /* Release */,
			);
			defaultConfigurationIsVisible = 0;
			defaultConfigurationName = Debug;
		};
/* End XCConfigurationList section */
	};
	rootObject = 29B97313FDCFA39411CA2CEA /* Project object */;
}
